
Microsoft Visual Studio Solution File, Format Version 12.00
# Visual Studio 15
VisualStudioVersion = 15.0.27604.0
MinimumVisualStudioVersion = 10.0.40219.1
Project("{9A19103F-16F7-4668-BE54-9A1E7A4F7556}") = "FsLib.Tencent.QCloud.SDK", "FsLib.Tencent.QCloud.SDK\FsLib.Tencent.QCloud.SDK.csproj", "{1FB8EE02-8867-43CE-9541-EF8D7BB90899}"
EndProject
Project("{9A19103F-16F7-4668-BE54-9A1E7A4F7556}") = "UnitTestProject1", "UnitTestProject1\UnitTestProject1.csproj", "{7B6327CA-CC45-46BA-A3B2-F5C495C6394E}"
EndProject
Global
	GlobalSection(SolutionConfigurationPlatforms) = preSolution
		Debug|Any CPU = Debug|Any CPU
		Release|Any CPU = Release|Any CPU
	EndGlobalSection
	GlobalSection(ProjectConfigurationPlatforms) = postSolution
		{1FB8EE02-8867-43CE-9541-EF8D7BB90899}.Debug|Any CPU.ActiveCfg = Debug|Any CPU
		{1FB8EE02-8867-43CE-9541-EF8D7BB90899}.Debug|Any CPU.Build.0 = Debug|Any CPU
		{1FB8EE02-8867-43CE-9541-EF8D7BB90899}.Release|Any CPU.ActiveCfg = Release|Any CPU
		{1FB8EE02-8867-43CE-9541-EF8D7BB90899}.Release|Any CPU.Build.0 = Release|Any CPU
		{7B6327CA-CC45-46BA-A3B2-F5C495C6394E}.Debug|Any CPU.ActiveCfg = Debug|Any CPU
		{7B6327CA-CC45-46BA-A3B2-F5C495C6394E}.Debug|Any CPU.Build.0 = Debug|Any CPU
		{7B6327CA-CC45-46BA-A3B2-F5C495C6394E}.Release|Any CPU.ActiveCfg = Release|Any CPU
		{7B6327CA-CC45-46BA-A3B2-F5C495C6394E}.Release|Any CPU.Build.0 = Release|Any CPU
	EndGlobalSection
	GlobalSection(SolutionProperties) = preSolution
		HideSolutionNode = FALSE
	EndGlobalSection
	GlobalSection(ExtensibilityGlobals) = postSolution
		SolutionGuid = {418E314B-304B-4AC2-9734-38CC1628E0A0}
	EndGlobalSection
EndGlobal
